
Microsoft Visual Studio Solution File, Format Version 12.00
# Visual Studio Version 17
VisualStudioVersion = 17.0.31903.59
MinimumVisualStudioVersion = 10.0.40219.1
Project("{FAE04EC0-301F-11D3-BF4B-00C04F79EFBC}") = "zadanie3", "zadanie3\zadanie3.csproj", "{32AB0F32-2032-45D4-947E-0496529572AB}"
EndProject
Global
	GlobalSection(SolutionConfigurationPlatforms) = preSolution
		Debug|Any CPU = Debug|Any CPU
		Release|Any CPU = Release|Any CPU
	EndGlobalSection
	GlobalSection(ProjectConfigurationPlatforms) = postSolution
		{32AB0F32-2032-45D4-947E-0496529572AB}.Debug|Any CPU.ActiveCfg = Debug|Any CPU
		{32AB0F32-2032-45D4-947E-0496529572AB}.Debug|Any CPU.Build.0 = Debug|Any CPU
		{32AB0F32-2032-45D4-947E-0496529572AB}.Release|Any CPU.ActiveCfg = Release|Any CPU
		{32AB0F32-2032-45D4-947E-0496529572AB}.Release|Any CPU.Build.0 = Release|Any CPU
	EndGlobalSection
	GlobalSection(SolutionProperties) = preSolution
		HideSolutionNode = FALSE
	EndGlobalSection
	GlobalSection(ExtensibilityGlobals) = postSolution
		SolutionGuid = {B5E62475-E7A9-4809-8F1C-90CEC6ADBD5D}
	EndGlobalSection
EndGlobal
